{
  "name": "askr",
  "version": "1.0.0",
  "lockfileVersion": 2,
  "requires": true,
  "packages": {
    "": {
      "name": "askr",
      "version": "1.0.0",
      "license": "MIT",
      "dependencies": {
        "hermodlog": "^1.0.0"
      }
    },
    "node_modules/chalk": {
      "version": "5.3.0",
      "resolved": "https://registry.npmjs.org/chalk/-/chalk-5.3.0.tgz",
      "integrity": "sha512-dLitG79d+GV1Nb/VYcCDFivJeK1hiukt9QjRNVOsUtTy1rR1YJsmpGGTZ3qJos+uw7WmWF4wUwBd9jxjocFC2w==",
      "engines": {
        "node": "^12.17.0 || ^14.13 || >=16.0.0"
      },
      "funding": {
        "url": "https://github.com/chalk/chalk?sponsor=1"
      }
    },
    "node_modules/hermodlog": {
      "version": "1.0.0",
      "resolved": "https://registry.npmjs.org/hermodlog/-/hermodlog-1.0.0.tgz",
      "integrity": "sha512-fDn3CbFoQYWNJKJu7QZS0UDQpdqAYuXXiqEbfUY30+iRZC4DJHh0vu+yG3S/pIdpC9H44m58XGEV+Elmh8m4Yw==",
      "dependencies": {
        "chalk": "^5.3.0"
      }
    }
  },
  "dependencies": {
    "chalk": {
      "version": "5.3.0",
      "resolved": "https://registry.npmjs.org/chalk/-/chalk-5.3.0.tgz",
      "integrity": "sha512-dLitG79d+GV1Nb/VYcCDFivJeK1hiukt9QjRNVOsUtTy1rR1YJsmpGGTZ3qJos+uw7WmWF4wUwBd9jxjocFC2w=="
    },
    "hermodlog": {
      "version": "1.0.0",
      "resolved": "https://registry.npmjs.org/hermodlog/-/hermodlog-1.0.0.tgz",
      "integrity": "sha512-fDn3CbFoQYWNJKJu7QZS0UDQpdqAYuXXiqEbfUY30+iRZC4DJHh0vu+yG3S/pIdpC9H44m58XGEV+Elmh8m4Yw==",
      "requires": {
        "chalk": "^5.3.0"
      }
    }
  }
}
